
Microsoft Visual Studio Solution File, Format Version 12.00
# Visual Studio Version 17
VisualStudioVersion = 17.13.35931.197 d17.13
MinimumVisualStudioVersion = 10.0.40219.1
Project("{FAE04EC0-301F-11D3-BF4B-00C04F79EFBC}") = "Excavator.Web", "Excavator.Web\Excavator.Web.csproj", "{39BF6E0C-D946-4AB4-A2C8-BCA77F08C63B}"
EndProject
Project("{FAE04EC0-301F-11D3-BF4B-00C04F79EFBC}") = "Excavator.Shared.Models", "Excavator.Shared.Models\Excavator.Shared.Models.csproj", "{CE3FF7B0-8379-4BD7-B9D3-CD335F678E67}"
EndProject
Project("{FAE04EC0-301F-11D3-BF4B-00C04F79EFBC}") = "Excavator.Commands", "Excavator.Commands\Excavator.Commands.csproj", "{1E76B247-8D44-4B91-A123-D510ECBF2F8A}"
EndProject
Project("{FAE04EC0-301F-11D3-BF4B-00C04F79EFBC}") = "Excavator.CommandHandlers", "Excavator.CommandHandlers\Excavator.CommandHandlers.csproj", "{1083E5DD-F33E-4C20-A960-924C5CFD9AA1}"
EndProject
Project("{FAE04EC0-301F-11D3-BF4B-00C04F79EFBC}") = "Excavator.Queries", "Excavator.Queries\Excavator.Queries.csproj", "{0B6E2DDD-AE67-4E29-B1D5-66BC30A4A0FA}"
EndProject
Project("{FAE04EC0-301F-11D3-BF4B-00C04F79EFBC}") = "Excavator.QueryHandlers", "Excavator.QueryHandlers\Excavator.QueryHandlers.csproj", "{1AF7526C-5870-4416-B6F5-0F5889D4E262}"
EndProject
Project("{FAE04EC0-301F-11D3-BF4B-00C04F79EFBC}") = "Excavator.Database", "Excavator.Database\Excavator.Database.csproj", "{DF191D47-3B47-45B3-9A59-1D0E5E761A9E}"
EndProject
Global
	GlobalSection(SolutionConfigurationPlatforms) = preSolution
		Debug|Any CPU = Debug|Any CPU
		Release|Any CPU = Release|Any CPU
	EndGlobalSection
	GlobalSection(ProjectConfigurationPlatforms) = postSolution
		{39BF6E0C-D946-4AB4-A2C8-BCA77F08C63B}.Debug|Any CPU.ActiveCfg = Debug|Any CPU
		{39BF6E0C-D946-4AB4-A2C8-BCA77F08C63B}.Debug|Any CPU.Build.0 = Debug|Any CPU
		{39BF6E0C-D946-4AB4-A2C8-BCA77F08C63B}.Release|Any CPU.ActiveCfg = Release|Any CPU
		{39BF6E0C-D946-4AB4-A2C8-BCA77F08C63B}.Release|Any CPU.Build.0 = Release|Any CPU
		{CE3FF7B0-8379-4BD7-B9D3-CD335F678E67}.Debug|Any CPU.ActiveCfg = Debug|Any CPU
		{CE3FF7B0-8379-4BD7-B9D3-CD335F678E67}.Debug|Any CPU.Build.0 = Debug|Any CPU
		{CE3FF7B0-8379-4BD7-B9D3-CD335F678E67}.Release|Any CPU.ActiveCfg = Release|Any CPU
		{CE3FF7B0-8379-4BD7-B9D3-CD335F678E67}.Release|Any CPU.Build.0 = Release|Any CPU
		{1E76B247-8D44-4B91-A123-D510ECBF2F8A}.Debug|Any CPU.ActiveCfg = Debug|Any CPU
		{1E76B247-8D44-4B91-A123-D510ECBF2F8A}.Debug|Any CPU.Build.0 = Debug|Any CPU
		{1E76B247-8D44-4B91-A123-D510ECBF2F8A}.Release|Any CPU.ActiveCfg = Release|Any CPU
		{1E76B247-8D44-4B91-A123-D510ECBF2F8A}.Release|Any CPU.Build.0 = Release|Any CPU
		{1083E5DD-F33E-4C20-A960-924C5CFD9AA1}.Debug|Any CPU.ActiveCfg = Debug|Any CPU
		{1083E5DD-F33E-4C20-A960-924C5CFD9AA1}.Debug|Any CPU.Build.0 = Debug|Any CPU
		{1083E5DD-F33E-4C20-A960-924C5CFD9AA1}.Release|Any CPU.ActiveCfg = Release|Any CPU
		{1083E5DD-F33E-4C20-A960-924C5CFD9AA1}.Release|Any CPU.Build.0 = Release|Any CPU
		{0B6E2DDD-AE67-4E29-B1D5-66BC30A4A0FA}.Debug|Any CPU.ActiveCfg = Debug|Any CPU
		{0B6E2DDD-AE67-4E29-B1D5-66BC30A4A0FA}.Debug|Any CPU.Build.0 = Debug|Any CPU
		{0B6E2DDD-AE67-4E29-B1D5-66BC30A4A0FA}.Release|Any CPU.ActiveCfg = Release|Any CPU
		{0B6E2DDD-AE67-4E29-B1D5-66BC30A4A0FA}.Release|Any CPU.Build.0 = Release|Any CPU
		{1AF7526C-5870-4416-B6F5-0F5889D4E262}.Debug|Any CPU.ActiveCfg = Debug|Any CPU
		{1AF7526C-5870-4416-B6F5-0F5889D4E262}.Debug|Any CPU.Build.0 = Debug|Any CPU
		{1AF7526C-5870-4416-B6F5-0F5889D4E262}.Release|Any CPU.ActiveCfg = Release|Any CPU
		{1AF7526C-5870-4416-B6F5-0F5889D4E262}.Release|Any CPU.Build.0 = Release|Any CPU
		{DF191D47-3B47-45B3-9A59-1D0E5E761A9E}.Debug|Any CPU.ActiveCfg = Debug|Any CPU
		{DF191D47-3B47-45B3-9A59-1D0E5E761A9E}.Debug|Any CPU.Build.0 = Debug|Any CPU
		{DF191D47-3B47-45B3-9A59-1D0E5E761A9E}.Release|Any CPU.ActiveCfg = Release|Any CPU
		{DF191D47-3B47-45B3-9A59-1D0E5E761A9E}.Release|Any CPU.Build.0 = Release|Any CPU
	EndGlobalSection
	GlobalSection(SolutionProperties) = preSolution
		HideSolutionNode = FALSE
	EndGlobalSection
	GlobalSection(ExtensibilityGlobals) = postSolution
		SolutionGuid = {D4B82BAA-0158-43ED-9BC4-5219DC9BAE22}
	EndGlobalSection
EndGlobal
